// !$*UTF8*$!
{
	archiveVersion = 1;
	classes = {
	};
	objectVersion = 50;
	objects = {

/* Begin PBXBuildFile section */
		91FC1D39D2C230CD98522FEA /* Pods_MFSDKCocoapod.framework in Frameworks */ = {isa = PBXBuildFile; fileRef = 77A248BAD392A43134B3B58B /* Pods_MFSDKCocoapod.framework */; };
		DA8E0212228D6EAA00839189 /* MFSDK.framework in Frameworks */ = {isa = PBXBuildFile; fileRef = DA8E0211228D6EAA00839189 /* MFSDK.framework */; };
		DACEC66F228C117B00FCBCBD /* AppDelegate.swift in Sources */ = {isa = PBXBuildFile; fileRef = DACEC66E228C117B00FCBCBD /* AppDelegate.swift */; };
		DACEC671228C117B00FCBCBD /* ViewController.swift in Sources */ = {isa = PBXBuildFile; fileRef = DACEC670228C117B00FCBCBD /* ViewController.swift */; };
		DACEC674228C117B00FCBCBD /* Main.storyboard in Resources */ = {isa = PBXBuildFile; fileRef = DACEC672228C117B00FCBCBD /* Main.storyboard */; };
		DACEC676228C117C00FCBCBD /* Assets.xcassets in Resources */ = {isa = PBXBuildFile; fileRef = DACEC675228C117C00FCBCBD /* Assets.xcassets */; };
		DACEC679228C117C00FCBCBD /* LaunchScreen.storyboard in Resources */ = {isa = PBXBuildFile; fileRef = DACEC677228C117C00FCBCBD /* LaunchScreen.storyboard */; };
/* End PBXBuildFile section */

/* Begin PBXFileReference section */
		2255BFFAF4628481CCF1F697 /* Pods-MFSDKCocoapod.release.xcconfig */ = {isa = PBXFileReference; includeInIndex = 1; lastKnownFileType = text.xcconfig; name = "Pods-MFSDKCocoapod.release.xcconfig"; path = "Pods/Target Support Files/Pods-MFSDKCocoapod/Pods-MFSDKCocoapod.release.xcconfig"; sourceTree = "<group>"; };
		77A248BAD392A43134B3B58B /* Pods_MFSDKCocoapod.framework */ = {isa = PBXFileReference; explicitFileType = wrapper.framework; includeInIndex = 0; path = Pods_MFSDKCocoapod.framework; sourceTree = BUILT_PRODUCTS_DIR; };
		90BC6CD84DA7AD97866BC1DB /* Pods-MFSDKCocoapod.debug.xcconfig */ = {isa = PBXFileReference; includeInIndex = 1; lastKnownFileType = text.xcconfig; name = "Pods-MFSDKCocoapod.debug.xcconfig"; path = "Pods/Target Support Files/Pods-MFSDKCocoapod/Pods-MFSDKCocoapod.debug.xcconfig"; sourceTree = "<group>"; };
		DA8E0211228D6EAA00839189 /* MFSDK.framework */ = {isa = PBXFileReference; lastKnownFileType = wrapper.framework; path = MFSDK.framework; sourceTree = "<group>"; };
		DACEC66B228C117B00FCBCBD /* MFSDKCocoapod.app */ = {isa = PBXFileReference; explicitFileType = wrapper.application; includeInIndex = 0; path = MFSDKCocoapod.app; sourceTree = BUILT_PRODUCTS_DIR; };
		DACEC66E228C117B00FCBCBD /* AppDelegate.swift */ = {isa = PBXFileReference; lastKnownFileType = sourcecode.swift; path = AppDelegate.swift; sourceTree = "<group>"; };
		DACEC670228C117B00FCBCBD /* ViewController.swift */ = {isa = PBXFileReference; lastKnownFileType = sourcecode.swift; path = ViewController.swift; sourceTree = "<group>"; };
		DACEC673228C117B00FCBCBD /* Base */ = {isa = PBXFileReference; lastKnownFileType = file.storyboard; name = Base; path = Base.lproj/Main.storyboard; sourceTree = "<group>"; };
		DACEC675228C117C00FCBCBD /* Assets.xcassets */ = {isa = PBXFileReference; lastKnownFileType = folder.assetcatalog; path = Assets.xcassets; sourceTree = "<group>"; };
		DACEC678228C117C00FCBCBD /* Base */ = {isa = PBXFileReference; lastKnownFileType = file.storyboard; name = Base; path = Base.lproj/LaunchScreen.storyboard; sourceTree = "<group>"; };
		DACEC67A228C117C00FCBCBD /* Info.plist */ = {isa = PBXFileReference; lastKnownFileType = text.plist.xml; path = Info.plist; sourceTree = "<group>"; };
		DACEC680228C11C000FCBCBD /* MFSDK.podspec */ = {isa = PBXFileReference; lastKnownFileType = text; path = MFSDK.podspec; sourceTree = "<group>"; };
		DACEC686228C165B00FCBCBD /* LICENSE.md */ = {isa = PBXFileReference; lastKnownFileType = net.daringfireball.markdown; path = LICENSE.md; sourceTree = "<group>"; };
/* End PBXFileReference section */

/* Begin PBXFrameworksBuildPhase section */
		DACEC668228C117B00FCBCBD /* Frameworks */ = {
			isa = PBXFrameworksBuildPhase;
			buildActionMask = 2147483647;
			files = (
				DA8E0212228D6EAA00839189 /* MFSDK.framework in Frameworks */,
				91FC1D39D2C230CD98522FEA /* Pods_MFSDKCocoapod.framework in Frameworks */,
			);
			runOnlyForDeploymentPostprocessing = 0;
		};
/* End PBXFrameworksBuildPhase section */

/* Begin PBXGroup section */
		031DD0C06A25E294FA6B8D11 /* Pods */ = {
			isa = PBXGroup;
			children = (
				90BC6CD84DA7AD97866BC1DB /* Pods-MFSDKCocoapod.debug.xcconfig */,
				2255BFFAF4628481CCF1F697 /* Pods-MFSDKCocoapod.release.xcconfig */,
			);
			name = Pods;
			sourceTree = "<group>";
		};
		3459157AA8F80BCDC1A506EA /* Frameworks */ = {
			isa = PBXGroup;
			children = (
				77A248BAD392A43134B3B58B /* Pods_MFSDKCocoapod.framework */,
			);
			name = Frameworks;
			sourceTree = "<group>";
		};
		DACEC662228C117B00FCBCBD = {
			isa = PBXGroup;
			children = (
				DA8E0211228D6EAA00839189 /* MFSDK.framework */,
				DACEC680228C11C000FCBCBD /* MFSDK.podspec */,
				DACEC686228C165B00FCBCBD /* LICENSE.md */,
				DACEC66D228C117B00FCBCBD /* MFSDKCocoapod */,
				DACEC66C228C117B00FCBCBD /* Products */,
				031DD0C06A25E294FA6B8D11 /* Pods */,
				3459157AA8F80BCDC1A506EA /* Frameworks */,
			);
			sourceTree = "<group>";
		};
		DACEC66C228C117B00FCBCBD /* Products */ = {
			isa = PBXGroup;
			children = (
				DACEC66B228C117B00FCBCBD /* MFSDKCocoapod.app */,
			);
			name = Products;
			sourceTree = "<group>";
		};
		DACEC66D228C117B00FCBCBD /* MFSDKCocoapod */ = {
			isa = PBXGroup;
			children = (
				DACEC66E228C117B00FCBCBD /* AppDelegate.swift */,
				DACEC670228C117B00FCBCBD /* ViewController.swift */,
				DACEC672228C117B00FCBCBD /* Main.storyboard */,
				DACEC675228C117C00FCBCBD /* Assets.xcassets */,
				DACEC677228C117C00FCBCBD /* LaunchScreen.storyboard */,
				DACEC67A228C117C00FCBCBD /* Info.plist */,
			);
			path = MFSDKCocoapod;
			sourceTree = "<group>";
		};
/* End PBXGroup section */

/* Begin PBXNativeTarget section */
		DACEC66A228C117B00FCBCBD /* MFSDKCocoapod */ = {
			isa = PBXNativeTarget;
			buildConfigurationList = DACEC67D228C117C00FCBCBD /* Build configuration list for PBXNativeTarget "MFSDKCocoapod" */;
			buildPhases = (
				9F56985A7C85C3DA58988794 /* [CP] Check Pods Manifest.lock */,
				DACEC667228C117B00FCBCBD /* Sources */,
				DACEC668228C117B00FCBCBD /* Frameworks */,
				DACEC669228C117B00FCBCBD /* Resources */,
				A84AED706E495824C2091AD8 /* [CP] Embed Pods Frameworks */,
			);
			buildRules = (
			);
			dependencies = (
			);
			name = MFSDKCocoapod;
			productName = MFSDKCocoapod;
			productReference = DACEC66B228C117B00FCBCBD /* MFSDKCocoapod.app */;
			productType = "com.apple.product-type.application";
		};
/* End PBXNativeTarget section */

/* Begin PBXProject section */
		DACEC663228C117B00FCBCBD /* Project object */ = {
			isa = PBXProject;
			attributes = {
				LastSwiftUpdateCheck = 1020;
				LastUpgradeCheck = 1020;
				ORGANIZATIONNAME = "Elsayed Hussein";
				TargetAttributes = {
					DACEC66A228C117B00FCBCBD = {
						CreatedOnToolsVersion = 10.2;
					};
				};
			};
			buildConfigurationList = DACEC666228C117B00FCBCBD /* Build configuration list for PBXProject "MFSDKCocoapod" */;
			compatibilityVersion = "Xcode 9.3";
			developmentRegion = en;
			hasScannedForEncodings = 0;
			knownRegions = (
				en,
				Base,
			);
			mainGroup = DACEC662228C117B00FCBCBD;
			productRefGroup = DACEC66C228C117B00FCBCBD /* Products */;
			projectDirPath = "";
			projectRoot = "";
			targets = (
				DACEC66A228C117B00FCBCBD /* MFSDKCocoapod */,
			);
		};
/* End PBXProject section */

/* Begin PBXResourcesBuildPhase section */
		DACEC669228C117B00FCBCBD /* Resources */ = {
			isa = PBXResourcesBuildPhase;
			buildActionMask = 2147483647;
			files = (
				DACEC679228C117C00FCBCBD /* LaunchScreen.storyboard in Resources */,
				DACEC676228C117C00FCBCBD /* Assets.xcassets in Resources */,
				DACEC674228C117B00FCBCBD /* Main.storyboard in Resources */,
			);
			runOnlyForDeploymentPostprocessing = 0;
		};
/* End PBXResourcesBuildPhase section */

/* Begin PBXShellScriptBuildPhase section */
		9F56985A7C85C3DA58988794 /* [CP] Check Pods Manifest.lock */ = {
			isa = PBXShellScriptBuildPhase;
			buildActionMask = 2147483647;
			files = (
			);
			inputFileListPaths = (
			);
			inputPaths = (
				"${PODS_PODFILE_DIR_PATH}/Podfile.lock",
				"${PODS_ROOT}/Manifest.lock",
			);
			name = "[CP] Check Pods Manifest.lock";
			outputFileListPaths = (
			);
			outputPaths = (
				"$(DERIVED_FILE_DIR)/Pods-MFSDKCocoapod-checkManifestLockResult.txt",
			);
			runOnlyForDeploymentPostprocessing = 0;
			shellPath = /bin/sh;
			shellScript = "diff \"${PODS_PODFILE_DIR_PATH}/Podfile.lock\" \"${PODS_ROOT}/Manifest.lock\" > /dev/null\nif [ $? != 0 ] ; then\n    # print error to STDERR\n    echo \"error: The sandbox is not in sync with the Podfile.lock. Run 'pod install' or update your CocoaPods installation.\" >&2\n    exit 1\nfi\n# This output is used by Xcode 'outputs' to avoid re-running this script phase.\necho \"SUCCESS\" > \"${SCRIPT_OUTPUT_FILE_0}\"\n";
			showEnvVarsInLog = 0;
		};
		A84AED706E495824C2091AD8 /* [CP] Embed Pods Frameworks */ = {
			isa = PBXShellScriptBuildPhase;
			buildActionMask = 2147483647;
			files = (
			);
			inputFileListPaths = (
			);
			inputPaths = (
				"${SRCROOT}/Pods/Target Support Files/Pods-MFSDKCocoapod/Pods-MFSDKCocoapod-frameworks.sh",
				"${PODS_ROOT}/MFSDK/MFSDK.framework",
			);
			name = "[CP] Embed Pods Frameworks";
			outputFileListPaths = (
			);
			outputPaths = (
				"${TARGET_BUILD_DIR}/${FRAMEWORKS_FOLDER_PATH}/MFSDK.framework",
			);
			runOnlyForDeploymentPostprocessing = 0;
			shellPath = /bin/sh;
			shellScript = "\"${SRCROOT}/Pods/Target Support Files/Pods-MFSDKCocoapod/Pods-MFSDKCocoapod-frameworks.sh\"\n";
			showEnvVarsInLog = 0;
		};
/* End PBXShellScriptBuildPhase section */

/* Begin PBXSourcesBuildPhase section */
		DACEC667228C117B00FCBCBD /* Sources */ = {
			isa = PBXSourcesBuildPhase;
			buildActionMask = 2147483647;
			files = (
				DACEC671228C117B00FCBCBD /* ViewController.swift in Sources */,
				DACEC66F228C117B00FCBCBD /* AppDelegate.swift in Sources */,
			);
			runOnlyForDeploymentPostprocessing = 0;
		};
/* End PBXSourcesBuildPhase section */

/* Begin PBXVariantGroup section */
		DACEC672228C117B00FCBCBD /* Main.storyboard */ = {
			isa = PBXVariantGroup;
			children = (
				DACEC673228C117B00FCBCBD /* Base */,
			);
			name = Main.storyboard;
			sourceTree = "<group>";
		};
		DACEC677228C117C00FCBCBD /* LaunchScreen.storyboard */ = {
			isa = PBXVariantGroup;
			children = (
				DACEC678228C117C00FCBCBD /* Base */,
			);
			name = LaunchScreen.storyboard;
			sourceTree = "<group>";
		};
/* End PBXVariantGroup section */

/* Begin XCBuildConfiguration section */
		DACEC67B228C117C00FCBCBD /* Debug */ = {
			isa = XCBuildConfiguration;
			buildSettings = {
				ALWAYS_SEARCH_USER_PATHS = NO;
				CLANG_ANALYZER_NONNULL = YES;
				CLANG_ANALYZER_NUMBER_OBJECT_CONVERSION = YES_AGGRESSIVE;
				CLANG_CXX_LANGUAGE_STANDARD = "gnu++14";
				CLANG_CXX_LIBRARY = "libc++";
				CLANG_ENABLE_MODULES = YES;
				CLANG_ENABLE_OBJC_ARC = YES;
				CLANG_ENABLE_OBJC_WEAK = YES;
				CLANG_WARN_BLOCK_CAPTURE_AUTORELEASING = YES;
				CLANG_WARN_BOOL_CONVERSION = YES;
				CLANG_WARN_COMMA = YES;
				CLANG_WARN_CONSTANT_CONVERSION = YES;
				CLANG_WARN_DEPRECATED_OBJC_IMPLEMENTATIONS = YES;
				CLANG_WARN_DIRECT_OBJC_ISA_USAGE = YES_ERROR;
				CLANG_WARN_DOCUMENTATION_COMMENTS = YES;
				CLANG_WARN_EMPTY_BODY = YES;
				CLANG_WARN_ENUM_CONVERSION = YES;
				CLANG_WARN_INFINITE_RECURSION = YES;
				CLANG_WARN_INT_CONVERSION = YES;
				CLANG_WARN_NON_LITERAL_NULL_CONVERSION = YES;
				CLANG_WARN_OBJC_IMPLICIT_RETAIN_SELF = YES;
				CLANG_WARN_OBJC_LITERAL_CONVERSION = YES;
				CLANG_WARN_OBJC_ROOT_CLASS = YES_ERROR;
				CLANG_WARN_RANGE_LOOP_ANALYSIS = YES;
				CLANG_WARN_STRICT_PROTOTYPES = YES;
				CLANG_WARN_SUSPICIOUS_MOVE = YES;
				CLANG_WARN_UNGUARDED_AVAILABILITY = YES_AGGRESSIVE;
				CLANG_WARN_UNREACHABLE_CODE = YES;
				CLANG_WARN__DUPLICATE_METHOD_MATCH = YES;
				CODE_SIGN_IDENTITY = "iPhone Developer";
				COPY_PHASE_STRIP = NO;
				DEBUG_INFORMATION_FORMAT = dwarf;
				ENABLE_STRICT_OBJC_MSGSEND = YES;
				ENABLE_TESTABILITY = YES;
				GCC_C_LANGUAGE_STANDARD = gnu11;
				GCC_DYNAMIC_NO_PIC = NO;
				GCC_NO_COMMON_BLOCKS = YES;
				GCC_OPTIMIZATION_LEVEL = 0;
				GCC_PREPROCESSOR_DEFINITIONS = (
					"DEBUG=1",
					"$(inherited)",
				);
				GCC_WARN_64_TO_32_BIT_CONVERSION = YES;
				GCC_WARN_ABOUT_RETURN_TYPE = YES_ERROR;
				GCC_WARN_UNDECLARED_SELECTOR = YES;
				GCC_WARN_UNINITIALIZED_AUTOS = YES_AGGRESSIVE;
				GCC_WARN_UNUSED_FUNCTION = YES;
				GCC_WARN_UNUSED_VARIABLE = YES;
				IPHONEOS_DEPLOYMENT_TARGET = 12.2;
				MTL_ENABLE_DEBUG_INFO = INCLUDE_SOURCE;
				MTL_FAST_MATH = YES;
				ONLY_ACTIVE_ARCH = YES;
				SDKROOT = iphoneos;
				SWIFT_ACTIVE_COMPILATION_CONDITIONS = DEBUG;
				SWIFT_OPTIMIZATION_LEVEL = "-Onone";
			};
			name = Debug;
		};
		DACEC67C228C117C00FCBCBD /* Release */ = {
			isa = XCBuildConfiguration;
			buildSettings = {
				ALWAYS_SEARCH_USER_PATHS = NO;
				CLANG_ANALYZER_NONNULL = YES;
				CLANG_ANALYZER_NUMBER_OBJECT_CONVERSION = YES_AGGRESSIVE;
				CLANG_CXX_LANGUAGE_STANDARD = "gnu++14";
				CLANG_CXX_LIBRARY = "libc++";
				CLANG_ENABLE_MODULES = YES;
				CLANG_ENABLE_OBJC_ARC = YES;
				CLANG_ENABLE_OBJC_WEAK = YES;
				CLANG_WARN_BLOCK_CAPTURE_AUTORELEASING = YES;
				CLANG_WARN_BOOL_CONVERSION = YES;
				CLANG_WARN_COMMA = YES;
				CLANG_WARN_CONSTANT_CONVERSION = YES;
				CLANG_WARN_DEPRECATED_OBJC_IMPLEMENTATIONS = YES;
				CLANG_WARN_DIRECT_OBJC_ISA_USAGE = YES_ERROR;
				CLANG_WARN_DOCUMENTATION_COMMENTS = YES;
				CLANG_WARN_EMPTY_BODY = YES;
				CLANG_WARN_ENUM_CONVERSION = YES;
				CLANG_WARN_INFINITE_RECURSION = YES;
				CLANG_WARN_INT_CONVERSION = YES;
				CLANG_WARN_NON_LITERAL_NULL_CONVERSION = YES;
				CLANG_WARN_OBJC_IMPLICIT_RETAIN_SELF = YES;
				CLANG_WARN_OBJC_LITERAL_CONVERSION = YES;
				CLANG_WARN_OBJC_ROOT_CLASS = YES_ERROR;
				CLANG_WARN_RANGE_LOOP_ANALYSIS = YES;
				CLANG_WARN_STRICT_PROTOTYPES = YES;
				CLANG_WARN_SUSPICIOUS_MOVE = YES;
				CLANG_WARN_UNGUARDED_AVAILABILITY = YES_AGGRESSIVE;
				CLANG_WARN_UNREACHABLE_CODE = YES;
				CLANG_WARN__DUPLICATE_METHOD_MATCH = YES;
				CODE_SIGN_IDENTITY = "iPhone Developer";
				COPY_PHASE_STRIP = NO;
				DEBUG_INFORMATION_FORMAT = "dwarf-with-dsym";
				ENABLE_NS_ASSERTIONS = NO;
				ENABLE_STRICT_OBJC_MSGSEND = YES;
				GCC_C_LANGUAGE_STANDARD = gnu11;
				GCC_NO_COMMON_BLOCKS = YES;
				GCC_WARN_64_TO_32_BIT_CONVERSION = YES;
				GCC_WARN_ABOUT_RETURN_TYPE = YES_ERROR;
				GCC_WARN_UNDECLARED_SELECTOR = YES;
				GCC_WARN_UNINITIALIZED_AUTOS = YES_AGGRESSIVE;
				GCC_WARN_UNUSED_FUNCTION = YES;
				GCC_WARN_UNUSED_VARIABLE = YES;
				IPHONEOS_DEPLOYMENT_TARGET = 12.2;
				MTL_ENABLE_DEBUG_INFO = NO;
				MTL_FAST_MATH = YES;
				SDKROOT = iphoneos;
				SWIFT_COMPILATION_MODE = wholemodule;
				SWIFT_OPTIMIZATION_LEVEL = "-O";
				VALIDATE_PRODUCT = YES;
			};
			name = Release;
		};
		DACEC67E228C117C00FCBCBD /* Debug */ = {
			isa = XCBuildConfiguration;
			baseConfigurationReference = 90BC6CD84DA7AD97866BC1DB /* Pods-MFSDKCocoapod.debug.xcconfig */;
			buildSettings = {
				ASSETCATALOG_COMPILER_APPICON_NAME = AppIcon;
				CODE_SIGN_STYLE = Automatic;
				DEVELOPMENT_TEAM = KP75A62474;
				ENABLE_BITCODE = YES;
				FRAMEWORK_SEARCH_PATHS = (
					"$(inherited)",
					"$(PROJECT_DIR)",
				);
				INFOPLIST_FILE = MFSDKCocoapod/Info.plist;
				LD_RUNPATH_SEARCH_PATHS = (
					"$(inherited)",
					"@executable_path/Frameworks",
				);
				PRODUCT_BUNDLE_IDENTIFIER = com.myFatoorah.MFSDKCocoapod;
				PRODUCT_NAME = "$(TARGET_NAME)";
				SWIFT_VERSION = 5.0;
				TARGETED_DEVICE_FAMILY = "1,2";
				VALID_ARCHS = "arm64 arm64e armv7 armv7s x86_64";
			};
			name = Debug;
		};
		DACEC67F228C117C00FCBCBD /* Release */ = {
			isa = XCBuildConfiguration;
			baseConfigurationReference = 2255BFFAF4628481CCF1F697 /* Pods-MFSDKCocoapod.release.xcconfig */;
			buildSettings = {
				ASSETCATALOG_COMPILER_APPICON_NAME = AppIcon;
				CODE_SIGN_STYLE = Automatic;
				DEVELOPMENT_TEAM = KP75A62474;
				ENABLE_BITCODE = YES;
				FRAMEWORK_SEARCH_PATHS = (
					"$(inherited)",
					"$(PROJECT_DIR)",
				);
				INFOPLIST_FILE = MFSDKCocoapod/Info.plist;
				LD_RUNPATH_SEARCH_PATHS = (
					"$(inherited)",
					"@executable_path/Frameworks",
				);
				PRODUCT_BUNDLE_IDENTIFIER = com.myFatoorah.MFSDKCocoapod;
				PRODUCT_NAME = "$(TARGET_NAME)";
				SWIFT_VERSION = 5.0;
				TARGETED_DEVICE_FAMILY = "1,2";
				VALID_ARCHS = "arm64 arm64e armv7 armv7s x86_64";
			};
			name = Release;
		};
/* End XCBuildConfiguration section */

/* Begin XCConfigurationList section */
		DACEC666228C117B00FCBCBD /* Build configuration list for PBXProject "MFSDKCocoapod" */ = {
			isa = XCConfigurationList;
			buildConfigurations = (
				DACEC67B228C117C00FCBCBD /* Debug */,
				DACEC67C228C117C00FCBCBD /* Release */,
			);
			defaultConfigurationIsVisible = 0;
			defaultConfigurationName = Release;
		};
		DACEC67D228C117C00FCBCBD /* Build configuration list for PBXNativeTarget "MFSDKCocoapod" */ = {
			isa = XCConfigurationList;
			buildConfigurations = (
				DACEC67E228C117C00FCBCBD /* Debug */,
				DACEC67F228C117C00FCBCBD /* Release */,
			);
			defaultConfigurationIsVisible = 0;
			defaultConfigurationName = Release;
		};
/* End XCConfigurationList section */
	};
	rootObject = DACEC663228C117B00FCBCBD /* Project object */;
}
